// !$*UTF8*$!
{
	archiveVersion = 1;
	classes = {
	};
	objectVersion = 55;
	objects = {

/* Begin PBXBuildFile section */
		0769BF3927FE6FD9009548C9 /* .swiftlint.yml in Resources */ = {isa = PBXBuildFile; fileRef = 0769BF3827FE6FD9009548C9 /* .swiftlint.yml */; };
		0769BF3E27FEAF7E009548C9 /* Category.swift in Sources */ = {isa = PBXBuildFile; fileRef = 0769BF3D27FEAF7E009548C9 /* Category.swift */; };
		0769BF5627FF05E4009548C9 /* BoardPostListData.json in Resources */ = {isa = PBXBuildFile; fileRef = 0769BF5527FF05E4009548C9 /* BoardPostListData.json */; };
		0769BF5A27FF0640009548C9 /* DetailPostData1.json in Resources */ = {isa = PBXBuildFile; fileRef = 0769BF5927FF0640009548C9 /* DetailPostData1.json */; };
		0769BF5E27FF068F009548C9 /* DetailPostData2.json in Resources */ = {isa = PBXBuildFile; fileRef = 0769BF5D27FF068F009548C9 /* DetailPostData2.json */; };
		0769BF6027FF06AF009548C9 /* DetailPostData3.json in Resources */ = {isa = PBXBuildFile; fileRef = 0769BF5F27FF06AF009548C9 /* DetailPostData3.json */; };
		0769BF6227FF06DA009548C9 /* UserData1.json in Resources */ = {isa = PBXBuildFile; fileRef = 0769BF6127FF06DA009548C9 /* UserData1.json */; };
		0769BF6427FF06F8009548C9 /* UserData2.json in Resources */ = {isa = PBXBuildFile; fileRef = 0769BF6327FF06F8009548C9 /* UserData2.json */; };
		0769BF6627FF0719009548C9 /* RecommendedPeopleData.json in Resources */ = {isa = PBXBuildFile; fileRef = 0769BF6527FF0719009548C9 /* RecommendedPeopleData.json */; };
		0769BF6A27FFD03B009548C9 /* DetailPostView.swift in Sources */ = {isa = PBXBuildFile; fileRef = 0769BF6927FFD03B009548C9 /* DetailPostView.swift */; };
		07CAE79828046C970090FD23 /* CommentView.swift in Sources */ = {isa = PBXBuildFile; fileRef = 07CAE79728046C970090FD23 /* CommentView.swift */; };
		07CAE79E2804E5C90090FD23 /* TagListView.swift in Sources */ = {isa = PBXBuildFile; fileRef = 07CAE79D2804E5C90090FD23 /* TagListView.swift */; };
		07CAE7A0280511AA0090FD23 /* BoxButton.swift in Sources */ = {isa = PBXBuildFile; fileRef = 07CAE79F280511AA0090FD23 /* BoxButton.swift */; };
		07DB9CA32804666300CDC1B0 /* AuthorProfileView.swift in Sources */ = {isa = PBXBuildFile; fileRef = 07DB9CA22804666300CDC1B0 /* AuthorProfileView.swift */; };
		07DB9CA52804675400CDC1B0 /* ImageCollectionView.swift in Sources */ = {isa = PBXBuildFile; fileRef = 07DB9CA42804675400CDC1B0 /* ImageCollectionView.swift */; };
		4AA1E3B928006B1400156D19 /* BoardRow.swift in Sources */ = {isa = PBXBuildFile; fileRef = 4AA1E3B828006B1400156D19 /* BoardRow.swift */; };
		4AA1E3BB28006B1F00156D19 /* CategoryBoardView.swift in Sources */ = {isa = PBXBuildFile; fileRef = 4AA1E3BA28006B1F00156D19 /* CategoryBoardView.swift */; };
		4AA1E3BD28006B2A00156D19 /* RecommendedItem.swift in Sources */ = {isa = PBXBuildFile; fileRef = 4AA1E3BC28006B2A00156D19 /* RecommendedItem.swift */; };
		AE4E3A5F28030B8100293623 /* Author.swift in Sources */ = {isa = PBXBuildFile; fileRef = AE4E3A5E28030B8100293623 /* Author.swift */; };
		AE4E3A6328030BEF00293623 /* BoardPost.swift in Sources */ = {isa = PBXBuildFile; fileRef = AE4E3A6228030BEF00293623 /* BoardPost.swift */; };
		AE4E3A6528030F1000293623 /* MockData.swift in Sources */ = {isa = PBXBuildFile; fileRef = AE4E3A6428030F1000293623 /* MockData.swift */; };
		AE4E3A6B2803BA6600293623 /* RecommendListView.swift in Sources */ = {isa = PBXBuildFile; fileRef = AE4E3A6A2803BA6600293623 /* RecommendListView.swift */; };
		AEE70E5A28004853004E0F01 /* RecommendedTagData.json in Resources */ = {isa = PBXBuildFile; fileRef = AEE70E5928004853004E0F01 /* RecommendedTagData.json */; };
		AEE70E5C28004B2E004E0F01 /* LoadData.swift in Sources */ = {isa = PBXBuildFile; fileRef = AEE70E5B28004B2E004E0F01 /* LoadData.swift */; };
		BC39DC282803C98300192C74 /* PostUploadView.swift in Sources */ = {isa = PBXBuildFile; fileRef = BC39DC272803C98300192C74 /* PostUploadView.swift */; };
		C5991F9A27FD6AD2007A7F26 /* TipPlaceApp.swift in Sources */ = {isa = PBXBuildFile; fileRef = C5991F9927FD6AD2007A7F26 /* TipPlaceApp.swift */; };
		C5991F9E27FD6AD3007A7F26 /* Assets.xcassets in Resources */ = {isa = PBXBuildFile; fileRef = C5991F9D27FD6AD3007A7F26 /* Assets.xcassets */; };
		C5991FA127FD6AD3007A7F26 /* Preview Assets.xcassets in Resources */ = {isa = PBXBuildFile; fileRef = C5991FA027FD6AD3007A7F26 /* Preview Assets.xcassets */; };
		C5991FA827FD6B84007A7F26 /* CategoryView.swift in Sources */ = {isa = PBXBuildFile; fileRef = C5991FA727FD6B84007A7F26 /* CategoryView.swift */; };
		C5991FAC27FD6B97007A7F26 /* MainTabView.swift in Sources */ = {isa = PBXBuildFile; fileRef = C5991FA927FD6B97007A7F26 /* MainTabView.swift */; };
		C5991FAD27FD6B97007A7F26 /* MyPageView.swift in Sources */ = {isa = PBXBuildFile; fileRef = C5991FAA27FD6B97007A7F26 /* MyPageView.swift */; };
		C5991FAE27FD6B97007A7F26 /* MainBoardView.swift in Sources */ = {isa = PBXBuildFile; fileRef = C5991FAB27FD6B97007A7F26 /* MainBoardView.swift */; };
/* End PBXBuildFile section */

/* Begin PBXFileReference section */
		0769BF3827FE6FD9009548C9 /* .swiftlint.yml */ = {isa = PBXFileReference; lastKnownFileType = text.yaml; path = .swiftlint.yml; sourceTree = "<group>"; };
		0769BF3D27FEAF7E009548C9 /* Category.swift */ = {isa = PBXFileReference; lastKnownFileType = sourcecode.swift; path = Category.swift; sourceTree = "<group>"; };
		0769BF5527FF05E4009548C9 /* BoardPostListData.json */ = {isa = PBXFileReference; lastKnownFileType = text.json; path = BoardPostListData.json; sourceTree = "<group>"; };
		0769BF5927FF0640009548C9 /* DetailPostData1.json */ = {isa = PBXFileReference; lastKnownFileType = text.json; path = DetailPostData1.json; sourceTree = "<group>"; };
		0769BF5D27FF068F009548C9 /* DetailPostData2.json */ = {isa = PBXFileReference; lastKnownFileType = text.json; path = DetailPostData2.json; sourceTree = "<group>"; };
		0769BF5F27FF06AF009548C9 /* DetailPostData3.json */ = {isa = PBXFileReference; lastKnownFileType = text.json; path = DetailPostData3.json; sourceTree = "<group>"; };
		0769BF6127FF06DA009548C9 /* UserData1.json */ = {isa = PBXFileReference; lastKnownFileType = text.json; path = UserData1.json; sourceTree = "<group>"; };
		0769BF6327FF06F8009548C9 /* UserData2.json */ = {isa = PBXFileReference; lastKnownFileType = text.json; path = UserData2.json; sourceTree = "<group>"; };
		0769BF6527FF0719009548C9 /* RecommendedPeopleData.json */ = {isa = PBXFileReference; lastKnownFileType = text.json; path = RecommendedPeopleData.json; sourceTree = "<group>"; };
		0769BF6927FFD03B009548C9 /* DetailPostView.swift */ = {isa = PBXFileReference; lastKnownFileType = sourcecode.swift; path = DetailPostView.swift; sourceTree = "<group>"; };
		07CAE79728046C970090FD23 /* CommentView.swift */ = {isa = PBXFileReference; lastKnownFileType = sourcecode.swift; path = CommentView.swift; sourceTree = "<group>"; };
		07CAE79D2804E5C90090FD23 /* TagListView.swift */ = {isa = PBXFileReference; lastKnownFileType = sourcecode.swift; path = TagListView.swift; sourceTree = "<group>"; };
		07CAE79F280511AA0090FD23 /* BoxButton.swift */ = {isa = PBXFileReference; lastKnownFileType = sourcecode.swift; path = BoxButton.swift; sourceTree = "<group>"; };
		07DB9CA22804666300CDC1B0 /* AuthorProfileView.swift */ = {isa = PBXFileReference; lastKnownFileType = sourcecode.swift; path = AuthorProfileView.swift; sourceTree = "<group>"; };
		07DB9CA42804675400CDC1B0 /* ImageCollectionView.swift */ = {isa = PBXFileReference; lastKnownFileType = sourcecode.swift; path = ImageCollectionView.swift; sourceTree = "<group>"; };
		4AA1E3B828006B1400156D19 /* BoardRow.swift */ = {isa = PBXFileReference; fileEncoding = 4; lastKnownFileType = sourcecode.swift; path = BoardRow.swift; sourceTree = "<group>"; };
		4AA1E3BA28006B1F00156D19 /* CategoryBoardView.swift */ = {isa = PBXFileReference; fileEncoding = 4; lastKnownFileType = sourcecode.swift; path = CategoryBoardView.swift; sourceTree = "<group>"; };
		4AA1E3BC28006B2A00156D19 /* RecommendedItem.swift */ = {isa = PBXFileReference; fileEncoding = 4; lastKnownFileType = sourcecode.swift; path = RecommendedItem.swift; sourceTree = "<group>"; };
		AE4E3A5E28030B8100293623 /* Author.swift */ = {isa = PBXFileReference; lastKnownFileType = sourcecode.swift; path = Author.swift; sourceTree = "<group>"; };
		AE4E3A6228030BEF00293623 /* BoardPost.swift */ = {isa = PBXFileReference; lastKnownFileType = sourcecode.swift; path = BoardPost.swift; sourceTree = "<group>"; };
		AE4E3A6428030F1000293623 /* MockData.swift */ = {isa = PBXFileReference; lastKnownFileType = sourcecode.swift; path = MockData.swift; sourceTree = "<group>"; };
		AE4E3A6A2803BA6600293623 /* RecommendListView.swift */ = {isa = PBXFileReference; lastKnownFileType = sourcecode.swift; path = RecommendListView.swift; sourceTree = "<group>"; };
		AEE70E5928004853004E0F01 /* RecommendedTagData.json */ = {isa = PBXFileReference; lastKnownFileType = text.json; path = RecommendedTagData.json; sourceTree = "<group>"; };
		AEE70E5B28004B2E004E0F01 /* LoadData.swift */ = {isa = PBXFileReference; lastKnownFileType = sourcecode.swift; path = LoadData.swift; sourceTree = "<group>"; };
		BC39DC272803C98300192C74 /* PostUploadView.swift */ = {isa = PBXFileReference; lastKnownFileType = sourcecode.swift; path = PostUploadView.swift; sourceTree = "<group>"; };
		C5991F9627FD6AD2007A7F26 /* TipPlace.app */ = {isa = PBXFileReference; explicitFileType = wrapper.application; includeInIndex = 0; path = TipPlace.app; sourceTree = BUILT_PRODUCTS_DIR; };
		C5991F9927FD6AD2007A7F26 /* TipPlaceApp.swift */ = {isa = PBXFileReference; lastKnownFileType = sourcecode.swift; path = TipPlaceApp.swift; sourceTree = "<group>"; };
		C5991F9D27FD6AD3007A7F26 /* Assets.xcassets */ = {isa = PBXFileReference; lastKnownFileType = folder.assetcatalog; path = Assets.xcassets; sourceTree = "<group>"; };
		C5991FA027FD6AD3007A7F26 /* Preview Assets.xcassets */ = {isa = PBXFileReference; lastKnownFileType = folder.assetcatalog; path = "Preview Assets.xcassets"; sourceTree = "<group>"; };
		C5991FA727FD6B84007A7F26 /* CategoryView.swift */ = {isa = PBXFileReference; fileEncoding = 4; lastKnownFileType = sourcecode.swift; name = CategoryView.swift; path = TipPlace/CategoryView.swift; sourceTree = SOURCE_ROOT; };
		C5991FA927FD6B97007A7F26 /* MainTabView.swift */ = {isa = PBXFileReference; fileEncoding = 4; lastKnownFileType = sourcecode.swift; path = MainTabView.swift; sourceTree = "<group>"; };
		C5991FAA27FD6B97007A7F26 /* MyPageView.swift */ = {isa = PBXFileReference; fileEncoding = 4; lastKnownFileType = sourcecode.swift; path = MyPageView.swift; sourceTree = "<group>"; };
		C5991FAB27FD6B97007A7F26 /* MainBoardView.swift */ = {isa = PBXFileReference; fileEncoding = 4; lastKnownFileType = sourcecode.swift; path = MainBoardView.swift; sourceTree = "<group>"; };
/* End PBXFileReference section */

/* Begin PBXFrameworksBuildPhase section */
		C5991F9327FD6AD2007A7F26 /* Frameworks */ = {
			isa = PBXFrameworksBuildPhase;
			buildActionMask = 2147483647;
			files = (
			);
			runOnlyForDeploymentPostprocessing = 0;
		};
/* End PBXFrameworksBuildPhase section */

/* Begin PBXGroup section */
		0769BF3C27FEAF6A009548C9 /* Enum */ = {
			isa = PBXGroup;
			children = (
				0769BF3D27FEAF7E009548C9 /* Category.swift */,
			);
			path = Enum;
			sourceTree = "<group>";
		};
		0769BF5427FF05C2009548C9 /* MockData */ = {
			isa = PBXGroup;
			children = (
				0769BF5527FF05E4009548C9 /* BoardPostListData.json */,
				AEE70E5928004853004E0F01 /* RecommendedTagData.json */,
				0769BF5927FF0640009548C9 /* DetailPostData1.json */,
				0769BF5D27FF068F009548C9 /* DetailPostData2.json */,
				0769BF5F27FF06AF009548C9 /* DetailPostData3.json */,
				0769BF6127FF06DA009548C9 /* UserData1.json */,
				0769BF6327FF06F8009548C9 /* UserData2.json */,
				0769BF6527FF0719009548C9 /* RecommendedPeopleData.json */,
			);
			path = MockData;
			sourceTree = "<group>";
		};
		07DB9CA12804663D00CDC1B0 /* DetailPost */ = {
			isa = PBXGroup;
			children = (
				0769BF6927FFD03B009548C9 /* DetailPostView.swift */,
				07DB9CA22804666300CDC1B0 /* AuthorProfileView.swift */,
				07DB9CA42804675400CDC1B0 /* ImageCollectionView.swift */,
				07CAE79728046C970090FD23 /* CommentView.swift */,
				07CAE79D2804E5C90090FD23 /* TagListView.swift */,
				07CAE79F280511AA0090FD23 /* BoxButton.swift */,
			);
			path = DetailPost;
			sourceTree = "<group>";
		};
		AE3418B12803D08500A54336 /* Utility */ = {
			isa = PBXGroup;
			children = (
				AEE70E5B28004B2E004E0F01 /* LoadData.swift */,
			);
			path = Utility;
			sourceTree = "<group>";
		};
		AE4E3A662803132E00293623 /* ModelData */ = {
			isa = PBXGroup;
			children = (
				AE4E3A6428030F1000293623 /* MockData.swift */,
				AE4E3A6228030BEF00293623 /* BoardPost.swift */,
				AE4E3A5E28030B8100293623 /* Author.swift */,
			);
			path = ModelData;
			sourceTree = "<group>";
		};
		AE4E3A672803B9EC00293623 /* CategoryBoard */ = {
			isa = PBXGroup;
			children = (
				4AA1E3BA28006B1F00156D19 /* CategoryBoardView.swift */,
				AE4E3A6A2803BA6600293623 /* RecommendListView.swift */,
				4AA1E3BC28006B2A00156D19 /* RecommendedItem.swift */,
				4AA1E3B828006B1400156D19 /* BoardRow.swift */,
			);
			path = CategoryBoard;
			sourceTree = "<group>";
		};
		C5991F8D27FD6AD2007A7F26 = {
			isa = PBXGroup;
			children = (
				0769BF3827FE6FD9009548C9 /* .swiftlint.yml */,
				C5991F9827FD6AD2007A7F26 /* TipPlace */,
				C5991F9727FD6AD2007A7F26 /* Products */,
			);
			sourceTree = "<group>";
		};
		C5991F9727FD6AD2007A7F26 /* Products */ = {
			isa = PBXGroup;
			children = (
				C5991F9627FD6AD2007A7F26 /* TipPlace.app */,
			);
			name = Products;
			sourceTree = "<group>";
		};
		C5991F9827FD6AD2007A7F26 /* TipPlace */ = {
			isa = PBXGroup;
			children = (
				07DB9CA12804663D00CDC1B0 /* DetailPost */,
				C5991F9927FD6AD2007A7F26 /* TipPlaceApp.swift */,
				C5991FA927FD6B97007A7F26 /* MainTabView.swift */,
				C5991FAB27FD6B97007A7F26 /* MainBoardView.swift */,
				C5991FA727FD6B84007A7F26 /* CategoryView.swift */,
				AE4E3A672803B9EC00293623 /* CategoryBoard */,
				C5991FAA27FD6B97007A7F26 /* MyPageView.swift */,
				BC39DC272803C98300192C74 /* PostUploadView.swift */,
				AE3418B12803D08500A54336 /* Utility */,
				0769BF3C27FEAF6A009548C9 /* Enum */,
				AE4E3A662803132E00293623 /* ModelData */,
				0769BF5427FF05C2009548C9 /* MockData */,
				C5991F9D27FD6AD3007A7F26 /* Assets.xcassets */,
				C5991F9F27FD6AD3007A7F26 /* Preview Content */,
			);
			path = TipPlace;
			sourceTree = "<group>";
		};
		C5991F9F27FD6AD3007A7F26 /* Preview Content */ = {
			isa = PBXGroup;
			children = (
				C5991FA027FD6AD3007A7F26 /* Preview Assets.xcassets */,
			);
			path = "Preview Content";
			sourceTree = "<group>";
		};
/* End PBXGroup section */

/* Begin PBXNativeTarget section */
		C5991F9527FD6AD2007A7F26 /* TipPlace */ = {
			isa = PBXNativeTarget;
			buildConfigurationList = C5991FA427FD6AD3007A7F26 /* Build configuration list for PBXNativeTarget "TipPlace" */;
			buildPhases = (
				C5991F9227FD6AD2007A7F26 /* Sources */,
				C5991F9327FD6AD2007A7F26 /* Frameworks */,
				C5991F9427FD6AD2007A7F26 /* Resources */,
				C5336A3327FDB80100102AF3 /* ShellScript */,
			);
			buildRules = (
			);
			dependencies = (
			);
			name = TipPlace;
			productName = TipPlace;
			productReference = C5991F9627FD6AD2007A7F26 /* TipPlace.app */;
			productType = "com.apple.product-type.application";
		};
/* End PBXNativeTarget section */

/* Begin PBXProject section */
		C5991F8E27FD6AD2007A7F26 /* Project object */ = {
			isa = PBXProject;
			attributes = {
				BuildIndependentTargetsInParallel = 1;
				LastSwiftUpdateCheck = 1330;
				LastUpgradeCheck = 1330;
				TargetAttributes = {
					C5991F9527FD6AD2007A7F26 = {
						CreatedOnToolsVersion = 13.3;
					};
				};
			};
			buildConfigurationList = C5991F9127FD6AD2007A7F26 /* Build configuration list for PBXProject "TipPlace" */;
			compatibilityVersion = "Xcode 13.0";
			developmentRegion = en;
			hasScannedForEncodings = 0;
			knownRegions = (
				en,
				Base,
			);
			mainGroup = C5991F8D27FD6AD2007A7F26;
			productRefGroup = C5991F9727FD6AD2007A7F26 /* Products */;
			projectDirPath = "";
			projectRoot = "";
			targets = (
				C5991F9527FD6AD2007A7F26 /* TipPlace */,
			);
		};
/* End PBXProject section */

/* Begin PBXResourcesBuildPhase section */
		C5991F9427FD6AD2007A7F26 /* Resources */ = {
			isa = PBXResourcesBuildPhase;
			buildActionMask = 2147483647;
			files = (
				AEE70E5A28004853004E0F01 /* RecommendedTagData.json in Resources */,
				0769BF6627FF0719009548C9 /* RecommendedPeopleData.json in Resources */,
				0769BF6227FF06DA009548C9 /* UserData1.json in Resources */,
				0769BF3927FE6FD9009548C9 /* .swiftlint.yml in Resources */,
				0769BF6427FF06F8009548C9 /* UserData2.json in Resources */,
				C5991FA127FD6AD3007A7F26 /* Preview Assets.xcassets in Resources */,
				0769BF5A27FF0640009548C9 /* DetailPostData1.json in Resources */,
				0769BF5E27FF068F009548C9 /* DetailPostData2.json in Resources */,
				0769BF5627FF05E4009548C9 /* BoardPostListData.json in Resources */,
				0769BF6027FF06AF009548C9 /* DetailPostData3.json in Resources */,
				C5991F9E27FD6AD3007A7F26 /* Assets.xcassets in Resources */,
			);
			runOnlyForDeploymentPostprocessing = 0;
		};
/* End PBXResourcesBuildPhase section */

/* Begin PBXShellScriptBuildPhase section */
		C5336A3327FDB80100102AF3 /* ShellScript */ = {
			isa = PBXShellScriptBuildPhase;
			buildActionMask = 2147483647;
			files = (
			);
			inputFileListPaths = (
			);
			inputPaths = (
			);
			outputFileListPaths = (
			);
			outputPaths = (
			);
			runOnlyForDeploymentPostprocessing = 0;
			shellPath = /bin/sh;
			shellScript = "export PATH=\"$PATH:/opt/homebrew/bin\"\nif which swiftlint > /dev/null; then\n  swiftlint\nelse\n  echo \"warning: SwiftLint not installed, download from https://github.com/realm/SwiftLint\"\nfi\n";
		};
/* End PBXShellScriptBuildPhase section */

/* Begin PBXSourcesBuildPhase section */
		C5991F9227FD6AD2007A7F26 /* Sources */ = {
			isa = PBXSourcesBuildPhase;
			buildActionMask = 2147483647;
			files = (
				C5991FA827FD6B84007A7F26 /* CategoryView.swift in Sources */,
				AE4E3A6328030BEF00293623 /* BoardPost.swift in Sources */,
				AEE70E5C28004B2E004E0F01 /* LoadData.swift in Sources */,
				C5991FA827FD6B84007A7F26 /* CategoryView.swift in Sources */,
				4AA1E3BD28006B2A00156D19 /* RecommendedItem.swift in Sources */,
				BC39DC282803C98300192C74 /* PostUploadView.swift in Sources */,
				07CAE79E2804E5C90090FD23 /* TagListView.swift in Sources */,
				4AA1E3BB28006B1F00156D19 /* CategoryBoardView.swift in Sources */,
				07DB9CA52804675400CDC1B0 /* ImageCollectionView.swift in Sources */,
				0769BF6A27FFD03B009548C9 /* DetailPostView.swift in Sources */,
				C5991FAD27FD6B97007A7F26 /* MyPageView.swift in Sources */,
				C5991FAE27FD6B97007A7F26 /* MainBoardView.swift in Sources */,
				C5991F9A27FD6AD2007A7F26 /* TipPlaceApp.swift in Sources */,
				4AA1E3B928006B1400156D19 /* BoardRow.swift in Sources */,
				C5991FAC27FD6B97007A7F26 /* MainTabView.swift in Sources */,
				AE4E3A6528030F1000293623 /* MockData.swift in Sources */,
				AE4E3A5F28030B8100293623 /* Author.swift in Sources */,
				0769BF3E27FEAF7E009548C9 /* Category.swift in Sources */,
				AE4E3A6B2803BA6600293623 /* RecommendListView.swift in Sources */,
				07CAE79828046C970090FD23 /* CommentView.swift in Sources */,
				07DB9CA32804666300CDC1B0 /* AuthorProfileView.swift in Sources */,
				07CAE7A0280511AA0090FD23 /* BoxButton.swift in Sources */,
			);
			runOnlyForDeploymentPostprocessing = 0;
		};
/* End PBXSourcesBuildPhase section */

/* Begin XCBuildConfiguration section */
		C5991FA227FD6AD3007A7F26 /* Debug */ = {
			isa = XCBuildConfiguration;
			buildSettings = {
				ALWAYS_SEARCH_USER_PATHS = NO;
				CLANG_ANALYZER_NONNULL = YES;
				CLANG_ANALYZER_NUMBER_OBJECT_CONVERSION = YES_AGGRESSIVE;
				CLANG_CXX_LANGUAGE_STANDARD = "gnu++17";
				CLANG_ENABLE_MODULES = YES;
				CLANG_ENABLE_OBJC_ARC = YES;
				CLANG_ENABLE_OBJC_WEAK = YES;
				CLANG_WARN_BLOCK_CAPTURE_AUTORELEASING = YES;
				CLANG_WARN_BOOL_CONVERSION = YES;
				CLANG_WARN_COMMA = YES;
				CLANG_WARN_CONSTANT_CONVERSION = YES;
				CLANG_WARN_DEPRECATED_OBJC_IMPLEMENTATIONS = YES;
				CLANG_WARN_DIRECT_OBJC_ISA_USAGE = YES_ERROR;
				CLANG_WARN_DOCUMENTATION_COMMENTS = YES;
				CLANG_WARN_EMPTY_BODY = YES;
				CLANG_WARN_ENUM_CONVERSION = YES;
				CLANG_WARN_INFINITE_RECURSION = YES;
				CLANG_WARN_INT_CONVERSION = YES;
				CLANG_WARN_NON_LITERAL_NULL_CONVERSION = YES;
				CLANG_WARN_OBJC_IMPLICIT_RETAIN_SELF = YES;
				CLANG_WARN_OBJC_LITERAL_CONVERSION = YES;
				CLANG_WARN_OBJC_ROOT_CLASS = YES_ERROR;
				CLANG_WARN_QUOTED_INCLUDE_IN_FRAMEWORK_HEADER = YES;
				CLANG_WARN_RANGE_LOOP_ANALYSIS = YES;
				CLANG_WARN_STRICT_PROTOTYPES = YES;
				CLANG_WARN_SUSPICIOUS_MOVE = YES;
				CLANG_WARN_UNGUARDED_AVAILABILITY = YES_AGGRESSIVE;
				CLANG_WARN_UNREACHABLE_CODE = YES;
				CLANG_WARN__DUPLICATE_METHOD_MATCH = YES;
				COPY_PHASE_STRIP = NO;
				DEBUG_INFORMATION_FORMAT = dwarf;
				ENABLE_STRICT_OBJC_MSGSEND = YES;
				ENABLE_TESTABILITY = YES;
				GCC_C_LANGUAGE_STANDARD = gnu11;
				GCC_DYNAMIC_NO_PIC = NO;
				GCC_NO_COMMON_BLOCKS = YES;
				GCC_OPTIMIZATION_LEVEL = 0;
				GCC_PREPROCESSOR_DEFINITIONS = (
					"DEBUG=1",
					"$(inherited)",
				);
				GCC_WARN_64_TO_32_BIT_CONVERSION = YES;
				GCC_WARN_ABOUT_RETURN_TYPE = YES_ERROR;
				GCC_WARN_UNDECLARED_SELECTOR = YES;
				GCC_WARN_UNINITIALIZED_AUTOS = YES_AGGRESSIVE;
				GCC_WARN_UNUSED_FUNCTION = YES;
				GCC_WARN_UNUSED_VARIABLE = YES;
				IPHONEOS_DEPLOYMENT_TARGET = 15.4;
				MTL_ENABLE_DEBUG_INFO = INCLUDE_SOURCE;
				MTL_FAST_MATH = YES;
				ONLY_ACTIVE_ARCH = YES;
				SDKROOT = iphoneos;
				SWIFT_ACTIVE_COMPILATION_CONDITIONS = DEBUG;
				SWIFT_OPTIMIZATION_LEVEL = "-Onone";
			};
			name = Debug;
		};
		C5991FA327FD6AD3007A7F26 /* Release */ = {
			isa = XCBuildConfiguration;
			buildSettings = {
				ALWAYS_SEARCH_USER_PATHS = NO;
				CLANG_ANALYZER_NONNULL = YES;
				CLANG_ANALYZER_NUMBER_OBJECT_CONVERSION = YES_AGGRESSIVE;
				CLANG_CXX_LANGUAGE_STANDARD = "gnu++17";
				CLANG_ENABLE_MODULES = YES;
				CLANG_ENABLE_OBJC_ARC = YES;
				CLANG_ENABLE_OBJC_WEAK = YES;
				CLANG_WARN_BLOCK_CAPTURE_AUTORELEASING = YES;
				CLANG_WARN_BOOL_CONVERSION = YES;
				CLANG_WARN_COMMA = YES;
				CLANG_WARN_CONSTANT_CONVERSION = YES;
				CLANG_WARN_DEPRECATED_OBJC_IMPLEMENTATIONS = YES;
				CLANG_WARN_DIRECT_OBJC_ISA_USAGE = YES_ERROR;
				CLANG_WARN_DOCUMENTATION_COMMENTS = YES;
				CLANG_WARN_EMPTY_BODY = YES;
				CLANG_WARN_ENUM_CONVERSION = YES;
				CLANG_WARN_INFINITE_RECURSION = YES;
				CLANG_WARN_INT_CONVERSION = YES;
				CLANG_WARN_NON_LITERAL_NULL_CONVERSION = YES;
				CLANG_WARN_OBJC_IMPLICIT_RETAIN_SELF = YES;
				CLANG_WARN_OBJC_LITERAL_CONVERSION = YES;
				CLANG_WARN_OBJC_ROOT_CLASS = YES_ERROR;
				CLANG_WARN_QUOTED_INCLUDE_IN_FRAMEWORK_HEADER = YES;
				CLANG_WARN_RANGE_LOOP_ANALYSIS = YES;
				CLANG_WARN_STRICT_PROTOTYPES = YES;
				CLANG_WARN_SUSPICIOUS_MOVE = YES;
				CLANG_WARN_UNGUARDED_AVAILABILITY = YES_AGGRESSIVE;
				CLANG_WARN_UNREACHABLE_CODE = YES;
				CLANG_WARN__DUPLICATE_METHOD_MATCH = YES;
				COPY_PHASE_STRIP = NO;
				DEBUG_INFORMATION_FORMAT = "dwarf-with-dsym";
				ENABLE_NS_ASSERTIONS = NO;
				ENABLE_STRICT_OBJC_MSGSEND = YES;
				GCC_C_LANGUAGE_STANDARD = gnu11;
				GCC_NO_COMMON_BLOCKS = YES;
				GCC_WARN_64_TO_32_BIT_CONVERSION = YES;
				GCC_WARN_ABOUT_RETURN_TYPE = YES_ERROR;
				GCC_WARN_UNDECLARED_SELECTOR = YES;
				GCC_WARN_UNINITIALIZED_AUTOS = YES_AGGRESSIVE;
				GCC_WARN_UNUSED_FUNCTION = YES;
				GCC_WARN_UNUSED_VARIABLE = YES;
				IPHONEOS_DEPLOYMENT_TARGET = 15.4;
				MTL_ENABLE_DEBUG_INFO = NO;
				MTL_FAST_MATH = YES;
				SDKROOT = iphoneos;
				SWIFT_COMPILATION_MODE = wholemodule;
				SWIFT_OPTIMIZATION_LEVEL = "-O";
				VALIDATE_PRODUCT = YES;
			};
			name = Release;
		};
		C5991FA527FD6AD3007A7F26 /* Debug */ = {
			isa = XCBuildConfiguration;
			buildSettings = {
				ASSETCATALOG_COMPILER_APPICON_NAME = AppIcon;
				ASSETCATALOG_COMPILER_GLOBAL_ACCENT_COLOR_NAME = AccentColor;
				CODE_SIGN_STYLE = Automatic;
				CURRENT_PROJECT_VERSION = 1;
				DEVELOPMENT_ASSET_PATHS = "\"TipPlace/Preview Content\"";
				ENABLE_PREVIEWS = YES;
				GENERATE_INFOPLIST_FILE = YES;
				INFOPLIST_KEY_UIApplicationSceneManifest_Generation = YES;
				INFOPLIST_KEY_UIApplicationSupportsIndirectInputEvents = YES;
				INFOPLIST_KEY_UILaunchScreen_Generation = YES;
				INFOPLIST_KEY_UISupportedInterfaceOrientations_iPad = "UIInterfaceOrientationPortrait UIInterfaceOrientationPortraitUpsideDown UIInterfaceOrientationLandscapeLeft UIInterfaceOrientationLandscapeRight";
				INFOPLIST_KEY_UISupportedInterfaceOrientations_iPhone = "UIInterfaceOrientationPortrait UIInterfaceOrientationLandscapeLeft UIInterfaceOrientationLandscapeRight";
				LD_RUNPATH_SEARCH_PATHS = (
					"$(inherited)",
					"@executable_path/Frameworks",
				);
				MARKETING_VERSION = 1.0;
				PRODUCT_BUNDLE_IDENTIFIER = com.simon.TipPlace;
				PRODUCT_NAME = "$(TARGET_NAME)";
				SWIFT_EMIT_LOC_STRINGS = YES;
				SWIFT_VERSION = 5.0;
				TARGETED_DEVICE_FAMILY = "1,2";
			};
			name = Debug;
		};
		C5991FA627FD6AD3007A7F26 /* Release */ = {
			isa = XCBuildConfiguration;
			buildSettings = {
				ASSETCATALOG_COMPILER_APPICON_NAME = AppIcon;
				ASSETCATALOG_COMPILER_GLOBAL_ACCENT_COLOR_NAME = AccentColor;
				CODE_SIGN_STYLE = Automatic;
				CURRENT_PROJECT_VERSION = 1;
				DEVELOPMENT_ASSET_PATHS = "\"TipPlace/Preview Content\"";
				ENABLE_PREVIEWS = YES;
				GENERATE_INFOPLIST_FILE = YES;
				INFOPLIST_KEY_UIApplicationSceneManifest_Generation = YES;
				INFOPLIST_KEY_UIApplicationSupportsIndirectInputEvents = YES;
				INFOPLIST_KEY_UILaunchScreen_Generation = YES;
				INFOPLIST_KEY_UISupportedInterfaceOrientations_iPad = "UIInterfaceOrientationPortrait UIInterfaceOrientationPortraitUpsideDown UIInterfaceOrientationLandscapeLeft UIInterfaceOrientationLandscapeRight";
				INFOPLIST_KEY_UISupportedInterfaceOrientations_iPhone = "UIInterfaceOrientationPortrait UIInterfaceOrientationLandscapeLeft UIInterfaceOrientationLandscapeRight";
				LD_RUNPATH_SEARCH_PATHS = (
					"$(inherited)",
					"@executable_path/Frameworks",
				);
				MARKETING_VERSION = 1.0;
				PRODUCT_BUNDLE_IDENTIFIER = com.simon.TipPlace;
				PRODUCT_NAME = "$(TARGET_NAME)";
				SWIFT_EMIT_LOC_STRINGS = YES;
				SWIFT_VERSION = 5.0;
				TARGETED_DEVICE_FAMILY = "1,2";
			};
			name = Release;
		};
/* End XCBuildConfiguration section */

/* Begin XCConfigurationList section */
		C5991F9127FD6AD2007A7F26 /* Build configuration list for PBXProject "TipPlace" */ = {
			isa = XCConfigurationList;
			buildConfigurations = (
				C5991FA227FD6AD3007A7F26 /* Debug */,
				C5991FA327FD6AD3007A7F26 /* Release */,
			);
			defaultConfigurationIsVisible = 0;
			defaultConfigurationName = Release;
		};
		C5991FA427FD6AD3007A7F26 /* Build configuration list for PBXNativeTarget "TipPlace" */ = {
			isa = XCConfigurationList;
			buildConfigurations = (
				C5991FA527FD6AD3007A7F26 /* Debug */,
				C5991FA627FD6AD3007A7F26 /* Release */,
			);
			defaultConfigurationIsVisible = 0;
			defaultConfigurationName = Release;
		};
/* End XCConfigurationList section */
	};
	rootObject = C5991F8E27FD6AD2007A7F26 /* Project object */;
}
